
Microsoft Visual Studio Solution File, Format Version 12.00
# Visual Studio Version 16
VisualStudioVersion = 16.0.31313.79
MinimumVisualStudioVersion = 10.0.40219.1
Project("{FAE04EC0-301F-11D3-BF4B-00C04F79EFBC}") = "UserManagerServer", "UserManagerServer\UserManagerServer.csproj", "{672C5368-2E85-41E8-97AE-ADA328E93BB2}"
EndProject
Global
	GlobalSection(SolutionConfigurationPlatforms) = preSolution
		Debug|Any CPU = Debug|Any CPU
		Release|Any CPU = Release|Any CPU
	EndGlobalSection
	GlobalSection(ProjectConfigurationPlatforms) = postSolution
		{672C5368-2E85-41E8-97AE-ADA328E93BB2}.Debug|Any CPU.ActiveCfg = Debug|Any CPU
		{672C5368-2E85-41E8-97AE-ADA328E93BB2}.Debug|Any CPU.Build.0 = Debug|Any CPU
		{672C5368-2E85-41E8-97AE-ADA328E93BB2}.Release|Any CPU.ActiveCfg = Release|Any CPU
		{672C5368-2E85-41E8-97AE-ADA328E93BB2}.Release|Any CPU.Build.0 = Release|Any CPU
	EndGlobalSection
	GlobalSection(SolutionProperties) = preSolution
		HideSolutionNode = FALSE
	EndGlobalSection
	GlobalSection(ExtensibilityGlobals) = postSolution
		SolutionGuid = {1AC1AC59-30D7-4A26-A672-E30E8DC121FA}
	EndGlobalSection
EndGlobal
